
Microsoft Visual Studio Solution File, Format Version 12.00
# Visual Studio Version 17
VisualStudioVersion = 17.4.33122.133
MinimumVisualStudioVersion = 10.0.40219.1
Project("{FAE04EC0-301F-11D3-BF4B-00C04F79EFBC}") = "Program.cs", "Program.cs\Program.cs.csproj", "{F0CF6D4E-946A-474C-93C2-AD9A48DABFA1}"
EndProject
Global
	GlobalSection(SolutionConfigurationPlatforms) = preSolution
		Debug|Any CPU = Debug|Any CPU
		Release|Any CPU = Release|Any CPU
	EndGlobalSection
	GlobalSection(ProjectConfigurationPlatforms) = postSolution
		{F0CF6D4E-946A-474C-93C2-AD9A48DABFA1}.Debug|Any CPU.ActiveCfg = Debug|Any CPU
		{F0CF6D4E-946A-474C-93C2-AD9A48DABFA1}.Debug|Any CPU.Build.0 = Debug|Any CPU
		{F0CF6D4E-946A-474C-93C2-AD9A48DABFA1}.Release|Any CPU.ActiveCfg = Release|Any CPU
		{F0CF6D4E-946A-474C-93C2-AD9A48DABFA1}.Release|Any CPU.Build.0 = Release|Any CPU
	EndGlobalSection
	GlobalSection(SolutionProperties) = preSolution
		HideSolutionNode = FALSE
	EndGlobalSection
	GlobalSection(ExtensibilityGlobals) = postSolution
		SolutionGuid = {F8B4DB3C-3562-4AAF-B3F7-B302B972FDAE}
	EndGlobalSection
EndGlobal
